
Microsoft Visual Studio Solution File, Format Version 12.00
# Visual Studio 15
VisualStudioVersion = 15.0.27428.2037
MinimumVisualStudioVersion = 10.0.40219.1
Project("{FAE04EC0-301F-11D3-BF4B-00C04F79EFBC}") = "Sokoban 2.0", "Sokoban 2.0\Sokoban 2.0.csproj", "{AF86CD29-DADE-4ACD-9CDD-7E936C701D72}"
EndProject
Global
	GlobalSection(SolutionConfigurationPlatforms) = preSolution
		Debug|Any CPU = Debug|Any CPU
		Release|Any CPU = Release|Any CPU
	EndGlobalSection
	GlobalSection(ProjectConfigurationPlatforms) = postSolution
		{AF86CD29-DADE-4ACD-9CDD-7E936C701D72}.Debug|Any CPU.ActiveCfg = Debug|Any CPU
		{AF86CD29-DADE-4ACD-9CDD-7E936C701D72}.Debug|Any CPU.Build.0 = Debug|Any CPU
		{AF86CD29-DADE-4ACD-9CDD-7E936C701D72}.Release|Any CPU.ActiveCfg = Release|Any CPU
		{AF86CD29-DADE-4ACD-9CDD-7E936C701D72}.Release|Any CPU.Build.0 = Release|Any CPU
	EndGlobalSection
	GlobalSection(SolutionProperties) = preSolution
		HideSolutionNode = FALSE
	EndGlobalSection
	GlobalSection(ExtensibilityGlobals) = postSolution
		SolutionGuid = {949E0A2F-C6F8-417B-9A00-14D31EC8F6B4}
	EndGlobalSection
EndGlobal
