
Microsoft Visual Studio Solution File, Format Version 12.00
# Visual Studio 15
VisualStudioVersion = 15.0.27428.2037
MinimumVisualStudioVersion = 10.0.40219.1
Project("{FAE04EC0-301F-11D3-BF4B-00C04F79EFBC}") = "Tester", "Tester\Tester.csproj", "{9DE262D4-AE7A-41C6-B03A-59C559E85116}"
EndProject
Global
	GlobalSection(SolutionConfigurationPlatforms) = preSolution
		Debug|Any CPU = Debug|Any CPU
		Release|Any CPU = Release|Any CPU
	EndGlobalSection
	GlobalSection(ProjectConfigurationPlatforms) = postSolution
		{9DE262D4-AE7A-41C6-B03A-59C559E85116}.Debug|Any CPU.ActiveCfg = Debug|Any CPU
		{9DE262D4-AE7A-41C6-B03A-59C559E85116}.Debug|Any CPU.Build.0 = Debug|Any CPU
		{9DE262D4-AE7A-41C6-B03A-59C559E85116}.Release|Any CPU.ActiveCfg = Release|Any CPU
		{9DE262D4-AE7A-41C6-B03A-59C559E85116}.Release|Any CPU.Build.0 = Release|Any CPU
	EndGlobalSection
	GlobalSection(SolutionProperties) = preSolution
		HideSolutionNode = FALSE
	EndGlobalSection
	GlobalSection(ExtensibilityGlobals) = postSolution
		SolutionGuid = {7B53EC7A-D0E8-45CD-A4F9-A1730DB76D97}
	EndGlobalSection
EndGlobal
