
Microsoft Visual Studio Solution File, Format Version 12.00
# Visual Studio 15
VisualStudioVersion = 15.0.27428.2037
MinimumVisualStudioVersion = 10.0.40219.1
Project("{FAE04EC0-301F-11D3-BF4B-00C04F79EFBC}") = "Sokoban_2.0_Console", "Sokoban_2.1_Console\Sokoban_2.0_Console.csproj", "{7EAE1B43-422F-450D-98C2-01219D78EFAD}"
EndProject
Global
	GlobalSection(SolutionConfigurationPlatforms) = preSolution
		Debug|Any CPU = Debug|Any CPU
		Release|Any CPU = Release|Any CPU
	EndGlobalSection
	GlobalSection(ProjectConfigurationPlatforms) = postSolution
		{7EAE1B43-422F-450D-98C2-01219D78EFAD}.Debug|Any CPU.ActiveCfg = Debug|Any CPU
		{7EAE1B43-422F-450D-98C2-01219D78EFAD}.Debug|Any CPU.Build.0 = Debug|Any CPU
		{7EAE1B43-422F-450D-98C2-01219D78EFAD}.Release|Any CPU.ActiveCfg = Release|Any CPU
		{7EAE1B43-422F-450D-98C2-01219D78EFAD}.Release|Any CPU.Build.0 = Release|Any CPU
	EndGlobalSection
	GlobalSection(SolutionProperties) = preSolution
		HideSolutionNode = FALSE
	EndGlobalSection
	GlobalSection(ExtensibilityGlobals) = postSolution
		SolutionGuid = {0140F854-517C-477A-95B0-D6352F2BBF54}
	EndGlobalSection
EndGlobal
